
Microsoft Visual Studio Solution File, Format Version 12.00
# Visual Studio 15
VisualStudioVersion = 15.0.26730.16
MinimumVisualStudioVersion = 10.0.40219.1
Project("{FAE04EC0-301F-11D3-BF4B-00C04F79EFBC}") = "DCP-Presets", "DCP-Presets\DCP-Presets.csproj", "{7FACA4F0-0F48-4063-92F0-CEDC39289978}"
EndProject
Global
	GlobalSection(SolutionConfigurationPlatforms) = preSolution
		Debug|Any CPU = Debug|Any CPU
		Release|Any CPU = Release|Any CPU
	EndGlobalSection
	GlobalSection(ProjectConfigurationPlatforms) = postSolution
		{7FACA4F0-0F48-4063-92F0-CEDC39289978}.Debug|Any CPU.ActiveCfg = Debug|Any CPU
		{7FACA4F0-0F48-4063-92F0-CEDC39289978}.Debug|Any CPU.Build.0 = Debug|Any CPU
		{7FACA4F0-0F48-4063-92F0-CEDC39289978}.Release|Any CPU.ActiveCfg = Release|Any CPU
		{7FACA4F0-0F48-4063-92F0-CEDC39289978}.Release|Any CPU.Build.0 = Release|Any CPU
	EndGlobalSection
	GlobalSection(SolutionProperties) = preSolution
		HideSolutionNode = FALSE
	EndGlobalSection
	GlobalSection(ExtensibilityGlobals) = postSolution
		SolutionGuid = {F6B61DA1-8EA5-4BFE-ADD9-86F1924D27D3}
	EndGlobalSection
EndGlobal
